
Microsoft Visual Studio Solution File, Format Version 12.00
# Visual Studio Version 16
VisualStudioVersion = 16.0.30717.126
MinimumVisualStudioVersion = 10.0.40219.1
Project("{FAE04EC0-301F-11D3-BF4B-00C04F79EFBC}") = "TileMatchGame", "TileMatchGame.csproj", "{33324653-0FED-46FC-AB7B-39EFB13B90A4}"
EndProject
Global
	GlobalSection(SolutionConfigurationPlatforms) = preSolution
		Debug|Any CPU = Debug|Any CPU
		Release|Any CPU = Release|Any CPU
	EndGlobalSection
	GlobalSection(ProjectConfigurationPlatforms) = postSolution
		{33324653-0FED-46FC-AB7B-39EFB13B90A4}.Debug|Any CPU.ActiveCfg = Debug|Any CPU
		{33324653-0FED-46FC-AB7B-39EFB13B90A4}.Debug|Any CPU.Build.0 = Debug|Any CPU
		{33324653-0FED-46FC-AB7B-39EFB13B90A4}.Release|Any CPU.ActiveCfg = Release|Any CPU
		{33324653-0FED-46FC-AB7B-39EFB13B90A4}.Release|Any CPU.Build.0 = Release|Any CPU
	EndGlobalSection
	GlobalSection(SolutionProperties) = preSolution
		HideSolutionNode = FALSE
	EndGlobalSection
	GlobalSection(ExtensibilityGlobals) = postSolution
		SolutionGuid = {ADB2D562-2D80-4C78-9E2B-2ED67C11BC8D}
	EndGlobalSection
EndGlobal
